
Microsoft Visual Studio Solution File, Format Version 12.00
# Visual Studio 14
VisualStudioVersion = 14.0.25420.1
MinimumVisualStudioVersion = 10.0.40219.1
Project("{2150E333-8FDC-42A3-9474-1A3956D46DE8}") = "src", "src", "{D4389594-2197-4A21-87CE-4C5E690F6E72}"
EndProject
Project("{2150E333-8FDC-42A3-9474-1A3956D46DE8}") = "Solution Items", "Solution Items", "{0A02BE87-17A5-4C56-B143-E94AF28AB349}"
	ProjectSection(SolutionItems) = preProject
		global.json = global.json
	EndProjectSection
EndProject
Project("{8BB2217D-0F2D-49D1-97BC-3654ED321F3B}") = "dotnetcoreapi", "src\dotnetcoreapi\dotnetcoreapi.xproj", "{E31202D1-665D-48B6-ADDE-B75AA6774796}"
EndProject
Project("{2150E333-8FDC-42A3-9474-1A3956D46DE8}") = "Test", "Test", "{19BB689D-BF6A-437F-B13F-CC1C764B6008}"
EndProject
Project("{8BB2217D-0F2D-49D1-97BC-3654ED321F3B}") = "dotnetcoreapiTest", "Test\dotnetcoreapiTest\dotnetcoreapiTest.xproj", "{0312F815-01B9-4A7F-86FC-45130F6BCA6B}"
EndProject
Global
	GlobalSection(SolutionConfigurationPlatforms) = preSolution
		Debug|Any CPU = Debug|Any CPU
		Release|Any CPU = Release|Any CPU
	EndGlobalSection
	GlobalSection(ProjectConfigurationPlatforms) = postSolution
		{E31202D1-665D-48B6-ADDE-B75AA6774796}.Debug|Any CPU.ActiveCfg = Debug|Any CPU
		{E31202D1-665D-48B6-ADDE-B75AA6774796}.Debug|Any CPU.Build.0 = Debug|Any CPU
		{E31202D1-665D-48B6-ADDE-B75AA6774796}.Release|Any CPU.ActiveCfg = Release|Any CPU
		{E31202D1-665D-48B6-ADDE-B75AA6774796}.Release|Any CPU.Build.0 = Release|Any CPU
		{0312F815-01B9-4A7F-86FC-45130F6BCA6B}.Debug|Any CPU.ActiveCfg = Debug|Any CPU
		{0312F815-01B9-4A7F-86FC-45130F6BCA6B}.Debug|Any CPU.Build.0 = Debug|Any CPU
		{0312F815-01B9-4A7F-86FC-45130F6BCA6B}.Release|Any CPU.ActiveCfg = Release|Any CPU
		{0312F815-01B9-4A7F-86FC-45130F6BCA6B}.Release|Any CPU.Build.0 = Release|Any CPU
	EndGlobalSection
	GlobalSection(SolutionProperties) = preSolution
		HideSolutionNode = FALSE
	EndGlobalSection
	GlobalSection(NestedProjects) = preSolution
		{E31202D1-665D-48B6-ADDE-B75AA6774796} = {D4389594-2197-4A21-87CE-4C5E690F6E72}
		{0312F815-01B9-4A7F-86FC-45130F6BCA6B} = {19BB689D-BF6A-437F-B13F-CC1C764B6008}
	EndGlobalSection
EndGlobal
